
Microsoft Visual Studio Solution File, Format Version 12.00
# Visual Studio Version 16
VisualStudioVersion = 16.0.29911.84
MinimumVisualStudioVersion = 10.0.40219.1
Project("{FAE04EC0-301F-11D3-BF4B-00C04F79EFBC}") = "HW1", "HW1.csproj", "{757D3628-15C3-4C7E-9AF3-5C3653BDF281}"
EndProject
Global
	GlobalSection(SolutionConfigurationPlatforms) = preSolution
		Debug|Any CPU = Debug|Any CPU
		Release|Any CPU = Release|Any CPU
	EndGlobalSection
	GlobalSection(ProjectConfigurationPlatforms) = postSolution
		{757D3628-15C3-4C7E-9AF3-5C3653BDF281}.Debug|Any CPU.ActiveCfg = Debug|Any CPU
		{757D3628-15C3-4C7E-9AF3-5C3653BDF281}.Debug|Any CPU.Build.0 = Debug|Any CPU
		{757D3628-15C3-4C7E-9AF3-5C3653BDF281}.Release|Any CPU.ActiveCfg = Release|Any CPU
		{757D3628-15C3-4C7E-9AF3-5C3653BDF281}.Release|Any CPU.Build.0 = Release|Any CPU
	EndGlobalSection
	GlobalSection(SolutionProperties) = preSolution
		HideSolutionNode = FALSE
	EndGlobalSection
	GlobalSection(ExtensibilityGlobals) = postSolution
		SolutionGuid = {E3E71DC8-E148-4F20-B107-4E244FCA3855}
	EndGlobalSection
EndGlobal
